
Microsoft Visual Studio Solution File, Format Version 12.00
# Visual Studio Version 17
VisualStudioVersion = 17.5.2.0
MinimumVisualStudioVersion = 10.0.40219.1
Project("{FAE04EC0-301F-11D3-BF4B-00C04F79EFBC}") = "SampleCoreWebApp", "SampleCoreWebApp\SampleCoreWebApp.csproj", "{56080A58-EF61-9373-E1C8-F328AB1E71D8}"
EndProject
Project("{FAE04EC0-301F-11D3-BF4B-00C04F79EFBC}") = "Test", "Test\Test.csproj", "{B9415C05-A758-4A88-8A45-5BD06943841E}"
EndProject
Project("{FAE04EC0-301F-11D3-BF4B-00C04F79EFBC}") = "first-class", "first-class\first-class.csproj", "{1E97E3C0-A453-447B-B80F-E14B5B58B809}"
EndProject
Project("{FAE04EC0-301F-11D3-BF4B-00C04F79EFBC}") = "Add", "Add\Add.csproj", "{062E0E7B-5D14-4BC1-ABA6-33FAC6721BF5}"
EndProject
Project("{FAE04EC0-301F-11D3-BF4B-00C04F79EFBC}") = "ParameterizedConstructor", "ParameterizedConstructor\ParameterizedConstructor.csproj", "{A2EC4857-688E-4221-A33A-E0B4F59A8357}"
EndProject
Project("{FAE04EC0-301F-11D3-BF4B-00C04F79EFBC}") = "Destructor", "Destructor\Destructor.csproj", "{E2E102C7-1DC4-498E-A92B-6B4920DDFB79}"
EndProject
Project("{FAE04EC0-301F-11D3-BF4B-00C04F79EFBC}") = "ReadWriteProperties", "ReadWriteProperties\ReadWriteProperties.csproj", "{7D46E958-901C-4D1F-8FF8-C314732DB793}"
EndProject
Project("{FAE04EC0-301F-11D3-BF4B-00C04F79EFBC}") = "Array", "Array\Array.csproj", "{21761D54-2CE5-4F04-A940-0EB6885C5CB3}"
EndProject
Project("{FAE04EC0-301F-11D3-BF4B-00C04F79EFBC}") = "JaggedArray", "JaggedArray\JaggedArray.csproj", "{72143028-47A2-486E-A69C-94695F0E32E4}"
EndProject
Project("{FAE04EC0-301F-11D3-BF4B-00C04F79EFBC}") = "Strings", "Strings\Strings.csproj", "{8A674F1C-A0A4-48EE-B0D2-9FF92912B39C}"
EndProject
Project("{FAE04EC0-301F-11D3-BF4B-00C04F79EFBC}") = "Indexer", "Indexer\Indexer.csproj", "{2AF73853-F1CB-491B-8481-7AB8885F2400}"
EndProject
Project("{FAE04EC0-301F-11D3-BF4B-00C04F79EFBC}") = "Inheritance", "Inheritance\Inheritance.csproj", "{14EA2DCD-069F-4809-9ACF-3A5DAAA1CA9C}"
EndProject
Project("{FAE04EC0-301F-11D3-BF4B-00C04F79EFBC}") = "Overriding", "Overriding\Overriding.csproj", "{F048B7CD-5713-49EE-AF14-AB9E0D471D8B}"
EndProject
Project("{FAE04EC0-301F-11D3-BF4B-00C04F79EFBC}") = "VirtualAndOverride", "VirtualAndOverride\VirtualAndOverride.csproj", "{CF0B40E5-6DF6-4986-B120-81EB860ED6D3}"
EndProject
Project("{FAE04EC0-301F-11D3-BF4B-00C04F79EFBC}") = "BaseKeyword", "BaseKeyword\BaseKeyword.csproj", "{07BAE88F-7EDB-4CB7-A467-C79B4FF36382}"
EndProject
Project("{FAE04EC0-301F-11D3-BF4B-00C04F79EFBC}") = "Struct", "Struct\Struct.csproj", "{A796C23E-8341-48E2-8249-2C5B100630CA}"
EndProject
Project("{FAE04EC0-301F-11D3-BF4B-00C04F79EFBC}") = "Abstract", "Abstract\Abstract.csproj", "{6311762A-1B34-40BC-A1EB-2EC94BDAAD92}"
EndProject
Project("{FAE04EC0-301F-11D3-BF4B-00C04F79EFBC}") = "Interface", "Interface\Interface.csproj", "{5651192C-1534-45DE-B629-B34545318D70}"
EndProject
Project("{FAE04EC0-301F-11D3-BF4B-00C04F79EFBC}") = "Multicast Delegates", "Multicast Delegates\Multicast Delegates.csproj", "{FE1985A8-A961-449B-877F-6C306DF03221}"
EndProject
Project("{FAE04EC0-301F-11D3-BF4B-00C04F79EFBC}") = "Event-Button", "Event-Button\Event-Button.csproj", "{FF654E5E-8E97-43B0-99E5-61C3B4805A3B}"
EndProject
Project("{FAE04EC0-301F-11D3-BF4B-00C04F79EFBC}") = "Partial-Class", "Partial-Class\Partial-Class.csproj", "{7B8BDB65-C485-4B69-9B80-4F1B4BB78AD1}"
EndProject
Project("{FAE04EC0-301F-11D3-BF4B-00C04F79EFBC}") = "Dictionary", "Dictionary\Dictionary.csproj", "{FB78F44F-7104-4A44-BFAC-7599D33844ED}"
EndProject
Project("{FAE04EC0-301F-11D3-BF4B-00C04F79EFBC}") = "ArrayList", "ArrayList\ArrayList.csproj", "{AC716FA9-DED3-4C66-B8C5-887D1F0D44FD}"
EndProject
Project("{FAE04EC0-301F-11D3-BF4B-00C04F79EFBC}") = "File-Handling", "File-Handling\File-Handling.csproj", "{C8789AD1-D046-4BAD-8B4F-7773D0BEB77C}"
EndProject
Global
	GlobalSection(SolutionConfigurationPlatforms) = preSolution
		Debug|Any CPU = Debug|Any CPU
		Debug|x64 = Debug|x64
		Debug|x86 = Debug|x86
		Release|Any CPU = Release|Any CPU
		Release|x64 = Release|x64
		Release|x86 = Release|x86
	EndGlobalSection
	GlobalSection(ProjectConfigurationPlatforms) = postSolution
		{56080A58-EF61-9373-E1C8-F328AB1E71D8}.Debug|Any CPU.ActiveCfg = Debug|Any CPU
		{56080A58-EF61-9373-E1C8-F328AB1E71D8}.Debug|Any CPU.Build.0 = Debug|Any CPU
		{56080A58-EF61-9373-E1C8-F328AB1E71D8}.Debug|x64.ActiveCfg = Debug|Any CPU
		{56080A58-EF61-9373-E1C8-F328AB1E71D8}.Debug|x64.Build.0 = Debug|Any CPU
		{56080A58-EF61-9373-E1C8-F328AB1E71D8}.Debug|x86.ActiveCfg = Debug|Any CPU
		{56080A58-EF61-9373-E1C8-F328AB1E71D8}.Debug|x86.Build.0 = Debug|Any CPU
		{56080A58-EF61-9373-E1C8-F328AB1E71D8}.Release|Any CPU.ActiveCfg = Release|Any CPU
		{56080A58-EF61-9373-E1C8-F328AB1E71D8}.Release|Any CPU.Build.0 = Release|Any CPU
		{56080A58-EF61-9373-E1C8-F328AB1E71D8}.Release|x64.ActiveCfg = Release|Any CPU
		{56080A58-EF61-9373-E1C8-F328AB1E71D8}.Release|x64.Build.0 = Release|Any CPU
		{56080A58-EF61-9373-E1C8-F328AB1E71D8}.Release|x86.ActiveCfg = Release|Any CPU
		{56080A58-EF61-9373-E1C8-F328AB1E71D8}.Release|x86.Build.0 = Release|Any CPU
		{B9415C05-A758-4A88-8A45-5BD06943841E}.Debug|Any CPU.ActiveCfg = Debug|Any CPU
		{B9415C05-A758-4A88-8A45-5BD06943841E}.Debug|Any CPU.Build.0 = Debug|Any CPU
		{B9415C05-A758-4A88-8A45-5BD06943841E}.Debug|x64.ActiveCfg = Debug|Any CPU
		{B9415C05-A758-4A88-8A45-5BD06943841E}.Debug|x64.Build.0 = Debug|Any CPU
		{B9415C05-A758-4A88-8A45-5BD06943841E}.Debug|x86.ActiveCfg = Debug|Any CPU
		{B9415C05-A758-4A88-8A45-5BD06943841E}.Debug|x86.Build.0 = Debug|Any CPU
		{B9415C05-A758-4A88-8A45-5BD06943841E}.Release|Any CPU.ActiveCfg = Release|Any CPU
		{B9415C05-A758-4A88-8A45-5BD06943841E}.Release|Any CPU.Build.0 = Release|Any CPU
		{B9415C05-A758-4A88-8A45-5BD06943841E}.Release|x64.ActiveCfg = Release|Any CPU
		{B9415C05-A758-4A88-8A45-5BD06943841E}.Release|x64.Build.0 = Release|Any CPU
		{B9415C05-A758-4A88-8A45-5BD06943841E}.Release|x86.ActiveCfg = Release|Any CPU
		{B9415C05-A758-4A88-8A45-5BD06943841E}.Release|x86.Build.0 = Release|Any CPU
		{1E97E3C0-A453-447B-B80F-E14B5B58B809}.Debug|Any CPU.ActiveCfg = Debug|Any CPU
		{1E97E3C0-A453-447B-B80F-E14B5B58B809}.Debug|Any CPU.Build.0 = Debug|Any CPU
		{1E97E3C0-A453-447B-B80F-E14B5B58B809}.Debug|x64.ActiveCfg = Debug|Any CPU
		{1E97E3C0-A453-447B-B80F-E14B5B58B809}.Debug|x64.Build.0 = Debug|Any CPU
		{1E97E3C0-A453-447B-B80F-E14B5B58B809}.Debug|x86.ActiveCfg = Debug|Any CPU
		{1E97E3C0-A453-447B-B80F-E14B5B58B809}.Debug|x86.Build.0 = Debug|Any CPU
		{1E97E3C0-A453-447B-B80F-E14B5B58B809}.Release|Any CPU.ActiveCfg = Release|Any CPU
		{1E97E3C0-A453-447B-B80F-E14B5B58B809}.Release|Any CPU.Build.0 = Release|Any CPU
		{1E97E3C0-A453-447B-B80F-E14B5B58B809}.Release|x64.ActiveCfg = Release|Any CPU
		{1E97E3C0-A453-447B-B80F-E14B5B58B809}.Release|x64.Build.0 = Release|Any CPU
		{1E97E3C0-A453-447B-B80F-E14B5B58B809}.Release|x86.ActiveCfg = Release|Any CPU
		{1E97E3C0-A453-447B-B80F-E14B5B58B809}.Release|x86.Build.0 = Release|Any CPU
		{062E0E7B-5D14-4BC1-ABA6-33FAC6721BF5}.Debug|Any CPU.ActiveCfg = Debug|Any CPU
		{062E0E7B-5D14-4BC1-ABA6-33FAC6721BF5}.Debug|Any CPU.Build.0 = Debug|Any CPU
		{062E0E7B-5D14-4BC1-ABA6-33FAC6721BF5}.Debug|x64.ActiveCfg = Debug|Any CPU
		{062E0E7B-5D14-4BC1-ABA6-33FAC6721BF5}.Debug|x64.Build.0 = Debug|Any CPU
		{062E0E7B-5D14-4BC1-ABA6-33FAC6721BF5}.Debug|x86.ActiveCfg = Debug|Any CPU
		{062E0E7B-5D14-4BC1-ABA6-33FAC6721BF5}.Debug|x86.Build.0 = Debug|Any CPU
		{062E0E7B-5D14-4BC1-ABA6-33FAC6721BF5}.Release|Any CPU.ActiveCfg = Release|Any CPU
		{062E0E7B-5D14-4BC1-ABA6-33FAC6721BF5}.Release|Any CPU.Build.0 = Release|Any CPU
		{062E0E7B-5D14-4BC1-ABA6-33FAC6721BF5}.Release|x64.ActiveCfg = Release|Any CPU
		{062E0E7B-5D14-4BC1-ABA6-33FAC6721BF5}.Release|x64.Build.0 = Release|Any CPU
		{062E0E7B-5D14-4BC1-ABA6-33FAC6721BF5}.Release|x86.ActiveCfg = Release|Any CPU
		{062E0E7B-5D14-4BC1-ABA6-33FAC6721BF5}.Release|x86.Build.0 = Release|Any CPU
		{A2EC4857-688E-4221-A33A-E0B4F59A8357}.Debug|Any CPU.ActiveCfg = Debug|Any CPU
		{A2EC4857-688E-4221-A33A-E0B4F59A8357}.Debug|Any CPU.Build.0 = Debug|Any CPU
		{A2EC4857-688E-4221-A33A-E0B4F59A8357}.Debug|x64.ActiveCfg = Debug|Any CPU
		{A2EC4857-688E-4221-A33A-E0B4F59A8357}.Debug|x64.Build.0 = Debug|Any CPU
		{A2EC4857-688E-4221-A33A-E0B4F59A8357}.Debug|x86.ActiveCfg = Debug|Any CPU
		{A2EC4857-688E-4221-A33A-E0B4F59A8357}.Debug|x86.Build.0 = Debug|Any CPU
		{A2EC4857-688E-4221-A33A-E0B4F59A8357}.Release|Any CPU.ActiveCfg = Release|Any CPU
		{A2EC4857-688E-4221-A33A-E0B4F59A8357}.Release|Any CPU.Build.0 = Release|Any CPU
		{A2EC4857-688E-4221-A33A-E0B4F59A8357}.Release|x64.ActiveCfg = Release|Any CPU
		{A2EC4857-688E-4221-A33A-E0B4F59A8357}.Release|x64.Build.0 = Release|Any CPU
		{A2EC4857-688E-4221-A33A-E0B4F59A8357}.Release|x86.ActiveCfg = Release|Any CPU
		{A2EC4857-688E-4221-A33A-E0B4F59A8357}.Release|x86.Build.0 = Release|Any CPU
		{E2E102C7-1DC4-498E-A92B-6B4920DDFB79}.Debug|Any CPU.ActiveCfg = Debug|Any CPU
		{E2E102C7-1DC4-498E-A92B-6B4920DDFB79}.Debug|Any CPU.Build.0 = Debug|Any CPU
		{E2E102C7-1DC4-498E-A92B-6B4920DDFB79}.Debug|x64.ActiveCfg = Debug|Any CPU
		{E2E102C7-1DC4-498E-A92B-6B4920DDFB79}.Debug|x64.Build.0 = Debug|Any CPU
		{E2E102C7-1DC4-498E-A92B-6B4920DDFB79}.Debug|x86.ActiveCfg = Debug|Any CPU
		{E2E102C7-1DC4-498E-A92B-6B4920DDFB79}.Debug|x86.Build.0 = Debug|Any CPU
		{E2E102C7-1DC4-498E-A92B-6B4920DDFB79}.Release|Any CPU.ActiveCfg = Release|Any CPU
		{E2E102C7-1DC4-498E-A92B-6B4920DDFB79}.Release|Any CPU.Build.0 = Release|Any CPU
		{E2E102C7-1DC4-498E-A92B-6B4920DDFB79}.Release|x64.ActiveCfg = Release|Any CPU
		{E2E102C7-1DC4-498E-A92B-6B4920DDFB79}.Release|x64.Build.0 = Release|Any CPU
		{E2E102C7-1DC4-498E-A92B-6B4920DDFB79}.Release|x86.ActiveCfg = Release|Any CPU
		{E2E102C7-1DC4-498E-A92B-6B4920DDFB79}.Release|x86.Build.0 = Release|Any CPU
		{7D46E958-901C-4D1F-8FF8-C314732DB793}.Debug|Any CPU.ActiveCfg = Debug|Any CPU
		{7D46E958-901C-4D1F-8FF8-C314732DB793}.Debug|Any CPU.Build.0 = Debug|Any CPU
		{7D46E958-901C-4D1F-8FF8-C314732DB793}.Debug|x64.ActiveCfg = Debug|Any CPU
		{7D46E958-901C-4D1F-8FF8-C314732DB793}.Debug|x64.Build.0 = Debug|Any CPU
		{7D46E958-901C-4D1F-8FF8-C314732DB793}.Debug|x86.ActiveCfg = Debug|Any CPU
		{7D46E958-901C-4D1F-8FF8-C314732DB793}.Debug|x86.Build.0 = Debug|Any CPU
		{7D46E958-901C-4D1F-8FF8-C314732DB793}.Release|Any CPU.ActiveCfg = Release|Any CPU
		{7D46E958-901C-4D1F-8FF8-C314732DB793}.Release|Any CPU.Build.0 = Release|Any CPU
		{7D46E958-901C-4D1F-8FF8-C314732DB793}.Release|x64.ActiveCfg = Release|Any CPU
		{7D46E958-901C-4D1F-8FF8-C314732DB793}.Release|x64.Build.0 = Release|Any CPU
		{7D46E958-901C-4D1F-8FF8-C314732DB793}.Release|x86.ActiveCfg = Release|Any CPU
		{7D46E958-901C-4D1F-8FF8-C314732DB793}.Release|x86.Build.0 = Release|Any CPU
		{21761D54-2CE5-4F04-A940-0EB6885C5CB3}.Debug|Any CPU.ActiveCfg = Debug|Any CPU
		{21761D54-2CE5-4F04-A940-0EB6885C5CB3}.Debug|Any CPU.Build.0 = Debug|Any CPU
		{21761D54-2CE5-4F04-A940-0EB6885C5CB3}.Debug|x64.ActiveCfg = Debug|Any CPU
		{21761D54-2CE5-4F04-A940-0EB6885C5CB3}.Debug|x64.Build.0 = Debug|Any CPU
		{21761D54-2CE5-4F04-A940-0EB6885C5CB3}.Debug|x86.ActiveCfg = Debug|Any CPU
		{21761D54-2CE5-4F04-A940-0EB6885C5CB3}.Debug|x86.Build.0 = Debug|Any CPU
		{21761D54-2CE5-4F04-A940-0EB6885C5CB3}.Release|Any CPU.ActiveCfg = Release|Any CPU
		{21761D54-2CE5-4F04-A940-0EB6885C5CB3}.Release|Any CPU.Build.0 = Release|Any CPU
		{21761D54-2CE5-4F04-A940-0EB6885C5CB3}.Release|x64.ActiveCfg = Release|Any CPU
		{21761D54-2CE5-4F04-A940-0EB6885C5CB3}.Release|x64.Build.0 = Release|Any CPU
		{21761D54-2CE5-4F04-A940-0EB6885C5CB3}.Release|x86.ActiveCfg = Release|Any CPU
		{21761D54-2CE5-4F04-A940-0EB6885C5CB3}.Release|x86.Build.0 = Release|Any CPU
		{72143028-47A2-486E-A69C-94695F0E32E4}.Debug|Any CPU.ActiveCfg = Debug|Any CPU
		{72143028-47A2-486E-A69C-94695F0E32E4}.Debug|Any CPU.Build.0 = Debug|Any CPU
		{72143028-47A2-486E-A69C-94695F0E32E4}.Debug|x64.ActiveCfg = Debug|Any CPU
		{72143028-47A2-486E-A69C-94695F0E32E4}.Debug|x64.Build.0 = Debug|Any CPU
		{72143028-47A2-486E-A69C-94695F0E32E4}.Debug|x86.ActiveCfg = Debug|Any CPU
		{72143028-47A2-486E-A69C-94695F0E32E4}.Debug|x86.Build.0 = Debug|Any CPU
		{72143028-47A2-486E-A69C-94695F0E32E4}.Release|Any CPU.ActiveCfg = Release|Any CPU
		{72143028-47A2-486E-A69C-94695F0E32E4}.Release|Any CPU.Build.0 = Release|Any CPU
		{72143028-47A2-486E-A69C-94695F0E32E4}.Release|x64.ActiveCfg = Release|Any CPU
		{72143028-47A2-486E-A69C-94695F0E32E4}.Release|x64.Build.0 = Release|Any CPU
		{72143028-47A2-486E-A69C-94695F0E32E4}.Release|x86.ActiveCfg = Release|Any CPU
		{72143028-47A2-486E-A69C-94695F0E32E4}.Release|x86.Build.0 = Release|Any CPU
		{8A674F1C-A0A4-48EE-B0D2-9FF92912B39C}.Debug|Any CPU.ActiveCfg = Debug|Any CPU
		{8A674F1C-A0A4-48EE-B0D2-9FF92912B39C}.Debug|Any CPU.Build.0 = Debug|Any CPU
		{8A674F1C-A0A4-48EE-B0D2-9FF92912B39C}.Debug|x64.ActiveCfg = Debug|Any CPU
		{8A674F1C-A0A4-48EE-B0D2-9FF92912B39C}.Debug|x64.Build.0 = Debug|Any CPU
		{8A674F1C-A0A4-48EE-B0D2-9FF92912B39C}.Debug|x86.ActiveCfg = Debug|Any CPU
		{8A674F1C-A0A4-48EE-B0D2-9FF92912B39C}.Debug|x86.Build.0 = Debug|Any CPU
		{8A674F1C-A0A4-48EE-B0D2-9FF92912B39C}.Release|Any CPU.ActiveCfg = Release|Any CPU
		{8A674F1C-A0A4-48EE-B0D2-9FF92912B39C}.Release|Any CPU.Build.0 = Release|Any CPU
		{8A674F1C-A0A4-48EE-B0D2-9FF92912B39C}.Release|x64.ActiveCfg = Release|Any CPU
		{8A674F1C-A0A4-48EE-B0D2-9FF92912B39C}.Release|x64.Build.0 = Release|Any CPU
		{8A674F1C-A0A4-48EE-B0D2-9FF92912B39C}.Release|x86.ActiveCfg = Release|Any CPU
		{8A674F1C-A0A4-48EE-B0D2-9FF92912B39C}.Release|x86.Build.0 = Release|Any CPU
		{2AF73853-F1CB-491B-8481-7AB8885F2400}.Debug|Any CPU.ActiveCfg = Debug|Any CPU
		{2AF73853-F1CB-491B-8481-7AB8885F2400}.Debug|Any CPU.Build.0 = Debug|Any CPU
		{2AF73853-F1CB-491B-8481-7AB8885F2400}.Debug|x64.ActiveCfg = Debug|Any CPU
		{2AF73853-F1CB-491B-8481-7AB8885F2400}.Debug|x64.Build.0 = Debug|Any CPU
		{2AF73853-F1CB-491B-8481-7AB8885F2400}.Debug|x86.ActiveCfg = Debug|Any CPU
		{2AF73853-F1CB-491B-8481-7AB8885F2400}.Debug|x86.Build.0 = Debug|Any CPU
		{2AF73853-F1CB-491B-8481-7AB8885F2400}.Release|Any CPU.ActiveCfg = Release|Any CPU
		{2AF73853-F1CB-491B-8481-7AB8885F2400}.Release|Any CPU.Build.0 = Release|Any CPU
		{2AF73853-F1CB-491B-8481-7AB8885F2400}.Release|x64.ActiveCfg = Release|Any CPU
		{2AF73853-F1CB-491B-8481-7AB8885F2400}.Release|x64.Build.0 = Release|Any CPU
		{2AF73853-F1CB-491B-8481-7AB8885F2400}.Release|x86.ActiveCfg = Release|Any CPU
		{2AF73853-F1CB-491B-8481-7AB8885F2400}.Release|x86.Build.0 = Release|Any CPU
		{14EA2DCD-069F-4809-9ACF-3A5DAAA1CA9C}.Debug|Any CPU.ActiveCfg = Debug|Any CPU
		{14EA2DCD-069F-4809-9ACF-3A5DAAA1CA9C}.Debug|Any CPU.Build.0 = Debug|Any CPU
		{14EA2DCD-069F-4809-9ACF-3A5DAAA1CA9C}.Debug|x64.ActiveCfg = Debug|Any CPU
		{14EA2DCD-069F-4809-9ACF-3A5DAAA1CA9C}.Debug|x64.Build.0 = Debug|Any CPU
		{14EA2DCD-069F-4809-9ACF-3A5DAAA1CA9C}.Debug|x86.ActiveCfg = Debug|Any CPU
		{14EA2DCD-069F-4809-9ACF-3A5DAAA1CA9C}.Debug|x86.Build.0 = Debug|Any CPU
		{14EA2DCD-069F-4809-9ACF-3A5DAAA1CA9C}.Release|Any CPU.ActiveCfg = Release|Any CPU
		{14EA2DCD-069F-4809-9ACF-3A5DAAA1CA9C}.Release|Any CPU.Build.0 = Release|Any CPU
		{14EA2DCD-069F-4809-9ACF-3A5DAAA1CA9C}.Release|x64.ActiveCfg = Release|Any CPU
		{14EA2DCD-069F-4809-9ACF-3A5DAAA1CA9C}.Release|x64.Build.0 = Release|Any CPU
		{14EA2DCD-069F-4809-9ACF-3A5DAAA1CA9C}.Release|x86.ActiveCfg = Release|Any CPU
		{14EA2DCD-069F-4809-9ACF-3A5DAAA1CA9C}.Release|x86.Build.0 = Release|Any CPU
		{F048B7CD-5713-49EE-AF14-AB9E0D471D8B}.Debug|Any CPU.ActiveCfg = Debug|Any CPU
		{F048B7CD-5713-49EE-AF14-AB9E0D471D8B}.Debug|Any CPU.Build.0 = Debug|Any CPU
		{F048B7CD-5713-49EE-AF14-AB9E0D471D8B}.Debug|x64.ActiveCfg = Debug|Any CPU
		{F048B7CD-5713-49EE-AF14-AB9E0D471D8B}.Debug|x64.Build.0 = Debug|Any CPU
		{F048B7CD-5713-49EE-AF14-AB9E0D471D8B}.Debug|x86.ActiveCfg = Debug|Any CPU
		{F048B7CD-5713-49EE-AF14-AB9E0D471D8B}.Debug|x86.Build.0 = Debug|Any CPU
		{F048B7CD-5713-49EE-AF14-AB9E0D471D8B}.Release|Any CPU.ActiveCfg = Release|Any CPU
		{F048B7CD-5713-49EE-AF14-AB9E0D471D8B}.Release|Any CPU.Build.0 = Release|Any CPU
		{F048B7CD-5713-49EE-AF14-AB9E0D471D8B}.Release|x64.ActiveCfg = Release|Any CPU
		{F048B7CD-5713-49EE-AF14-AB9E0D471D8B}.Release|x64.Build.0 = Release|Any CPU
		{F048B7CD-5713-49EE-AF14-AB9E0D471D8B}.Release|x86.ActiveCfg = Release|Any CPU
		{F048B7CD-5713-49EE-AF14-AB9E0D471D8B}.Release|x86.Build.0 = Release|Any CPU
		{CF0B40E5-6DF6-4986-B120-81EB860ED6D3}.Debug|Any CPU.ActiveCfg = Debug|Any CPU
		{CF0B40E5-6DF6-4986-B120-81EB860ED6D3}.Debug|Any CPU.Build.0 = Debug|Any CPU
		{CF0B40E5-6DF6-4986-B120-81EB860ED6D3}.Debug|x64.ActiveCfg = Debug|Any CPU
		{CF0B40E5-6DF6-4986-B120-81EB860ED6D3}.Debug|x64.Build.0 = Debug|Any CPU
		{CF0B40E5-6DF6-4986-B120-81EB860ED6D3}.Debug|x86.ActiveCfg = Debug|Any CPU
		{CF0B40E5-6DF6-4986-B120-81EB860ED6D3}.Debug|x86.Build.0 = Debug|Any CPU
		{CF0B40E5-6DF6-4986-B120-81EB860ED6D3}.Release|Any CPU.ActiveCfg = Release|Any CPU
		{CF0B40E5-6DF6-4986-B120-81EB860ED6D3}.Release|Any CPU.Build.0 = Release|Any CPU
		{CF0B40E5-6DF6-4986-B120-81EB860ED6D3}.Release|x64.ActiveCfg = Release|Any CPU
		{CF0B40E5-6DF6-4986-B120-81EB860ED6D3}.Release|x64.Build.0 = Release|Any CPU
		{CF0B40E5-6DF6-4986-B120-81EB860ED6D3}.Release|x86.ActiveCfg = Release|Any CPU
		{CF0B40E5-6DF6-4986-B120-81EB860ED6D3}.Release|x86.Build.0 = Release|Any CPU
		{07BAE88F-7EDB-4CB7-A467-C79B4FF36382}.Debug|Any CPU.ActiveCfg = Debug|Any CPU
		{07BAE88F-7EDB-4CB7-A467-C79B4FF36382}.Debug|Any CPU.Build.0 = Debug|Any CPU
		{07BAE88F-7EDB-4CB7-A467-C79B4FF36382}.Debug|x64.ActiveCfg = Debug|Any CPU
		{07BAE88F-7EDB-4CB7-A467-C79B4FF36382}.Debug|x64.Build.0 = Debug|Any CPU
		{07BAE88F-7EDB-4CB7-A467-C79B4FF36382}.Debug|x86.ActiveCfg = Debug|Any CPU
		{07BAE88F-7EDB-4CB7-A467-C79B4FF36382}.Debug|x86.Build.0 = Debug|Any CPU
		{07BAE88F-7EDB-4CB7-A467-C79B4FF36382}.Release|Any CPU.ActiveCfg = Release|Any CPU
		{07BAE88F-7EDB-4CB7-A467-C79B4FF36382}.Release|Any CPU.Build.0 = Release|Any CPU
		{07BAE88F-7EDB-4CB7-A467-C79B4FF36382}.Release|x64.ActiveCfg = Release|Any CPU
		{07BAE88F-7EDB-4CB7-A467-C79B4FF36382}.Release|x64.Build.0 = Release|Any CPU
		{07BAE88F-7EDB-4CB7-A467-C79B4FF36382}.Release|x86.ActiveCfg = Release|Any CPU
		{07BAE88F-7EDB-4CB7-A467-C79B4FF36382}.Release|x86.Build.0 = Release|Any CPU
		{A796C23E-8341-48E2-8249-2C5B100630CA}.Debug|Any CPU.ActiveCfg = Debug|Any CPU
		{A796C23E-8341-48E2-8249-2C5B100630CA}.Debug|Any CPU.Build.0 = Debug|Any CPU
		{A796C23E-8341-48E2-8249-2C5B100630CA}.Debug|x64.ActiveCfg = Debug|Any CPU
		{A796C23E-8341-48E2-8249-2C5B100630CA}.Debug|x64.Build.0 = Debug|Any CPU
		{A796C23E-8341-48E2-8249-2C5B100630CA}.Debug|x86.ActiveCfg = Debug|Any CPU
		{A796C23E-8341-48E2-8249-2C5B100630CA}.Debug|x86.Build.0 = Debug|Any CPU
		{A796C23E-8341-48E2-8249-2C5B100630CA}.Release|Any CPU.ActiveCfg = Release|Any CPU
		{A796C23E-8341-48E2-8249-2C5B100630CA}.Release|Any CPU.Build.0 = Release|Any CPU
		{A796C23E-8341-48E2-8249-2C5B100630CA}.Release|x64.ActiveCfg = Release|Any CPU
		{A796C23E-8341-48E2-8249-2C5B100630CA}.Release|x64.Build.0 = Release|Any CPU
		{A796C23E-8341-48E2-8249-2C5B100630CA}.Release|x86.ActiveCfg = Release|Any CPU
		{A796C23E-8341-48E2-8249-2C5B100630CA}.Release|x86.Build.0 = Release|Any CPU
		{6311762A-1B34-40BC-A1EB-2EC94BDAAD92}.Debug|Any CPU.ActiveCfg = Debug|Any CPU
		{6311762A-1B34-40BC-A1EB-2EC94BDAAD92}.Debug|Any CPU.Build.0 = Debug|Any CPU
		{6311762A-1B34-40BC-A1EB-2EC94BDAAD92}.Debug|x64.ActiveCfg = Debug|Any CPU
		{6311762A-1B34-40BC-A1EB-2EC94BDAAD92}.Debug|x64.Build.0 = Debug|Any CPU
		{6311762A-1B34-40BC-A1EB-2EC94BDAAD92}.Debug|x86.ActiveCfg = Debug|Any CPU
		{6311762A-1B34-40BC-A1EB-2EC94BDAAD92}.Debug|x86.Build.0 = Debug|Any CPU
		{6311762A-1B34-40BC-A1EB-2EC94BDAAD92}.Release|Any CPU.ActiveCfg = Release|Any CPU
		{6311762A-1B34-40BC-A1EB-2EC94BDAAD92}.Release|Any CPU.Build.0 = Release|Any CPU
		{6311762A-1B34-40BC-A1EB-2EC94BDAAD92}.Release|x64.ActiveCfg = Release|Any CPU
		{6311762A-1B34-40BC-A1EB-2EC94BDAAD92}.Release|x64.Build.0 = Release|Any CPU
		{6311762A-1B34-40BC-A1EB-2EC94BDAAD92}.Release|x86.ActiveCfg = Release|Any CPU
		{6311762A-1B34-40BC-A1EB-2EC94BDAAD92}.Release|x86.Build.0 = Release|Any CPU
		{5651192C-1534-45DE-B629-B34545318D70}.Debug|Any CPU.ActiveCfg = Debug|Any CPU
		{5651192C-1534-45DE-B629-B34545318D70}.Debug|Any CPU.Build.0 = Debug|Any CPU
		{5651192C-1534-45DE-B629-B34545318D70}.Debug|x64.ActiveCfg = Debug|Any CPU
		{5651192C-1534-45DE-B629-B34545318D70}.Debug|x64.Build.0 = Debug|Any CPU
		{5651192C-1534-45DE-B629-B34545318D70}.Debug|x86.ActiveCfg = Debug|Any CPU
		{5651192C-1534-45DE-B629-B34545318D70}.Debug|x86.Build.0 = Debug|Any CPU
		{5651192C-1534-45DE-B629-B34545318D70}.Release|Any CPU.ActiveCfg = Release|Any CPU
		{5651192C-1534-45DE-B629-B34545318D70}.Release|Any CPU.Build.0 = Release|Any CPU
		{5651192C-1534-45DE-B629-B34545318D70}.Release|x64.ActiveCfg = Release|Any CPU
		{5651192C-1534-45DE-B629-B34545318D70}.Release|x64.Build.0 = Release|Any CPU
		{5651192C-1534-45DE-B629-B34545318D70}.Release|x86.ActiveCfg = Release|Any CPU
		{5651192C-1534-45DE-B629-B34545318D70}.Release|x86.Build.0 = Release|Any CPU
		{FE1985A8-A961-449B-877F-6C306DF03221}.Debug|Any CPU.ActiveCfg = Debug|Any CPU
		{FE1985A8-A961-449B-877F-6C306DF03221}.Debug|Any CPU.Build.0 = Debug|Any CPU
		{FE1985A8-A961-449B-877F-6C306DF03221}.Debug|x64.ActiveCfg = Debug|Any CPU
		{FE1985A8-A961-449B-877F-6C306DF03221}.Debug|x64.Build.0 = Debug|Any CPU
		{FE1985A8-A961-449B-877F-6C306DF03221}.Debug|x86.ActiveCfg = Debug|Any CPU
		{FE1985A8-A961-449B-877F-6C306DF03221}.Debug|x86.Build.0 = Debug|Any CPU
		{FE1985A8-A961-449B-877F-6C306DF03221}.Release|Any CPU.ActiveCfg = Release|Any CPU
		{FE1985A8-A961-449B-877F-6C306DF03221}.Release|Any CPU.Build.0 = Release|Any CPU
		{FE1985A8-A961-449B-877F-6C306DF03221}.Release|x64.ActiveCfg = Release|Any CPU
		{FE1985A8-A961-449B-877F-6C306DF03221}.Release|x64.Build.0 = Release|Any CPU
		{FE1985A8-A961-449B-877F-6C306DF03221}.Release|x86.ActiveCfg = Release|Any CPU
		{FE1985A8-A961-449B-877F-6C306DF03221}.Release|x86.Build.0 = Release|Any CPU
		{FF654E5E-8E97-43B0-99E5-61C3B4805A3B}.Debug|Any CPU.ActiveCfg = Debug|Any CPU
		{FF654E5E-8E97-43B0-99E5-61C3B4805A3B}.Debug|Any CPU.Build.0 = Debug|Any CPU
		{FF654E5E-8E97-43B0-99E5-61C3B4805A3B}.Debug|x64.ActiveCfg = Debug|Any CPU
		{FF654E5E-8E97-43B0-99E5-61C3B4805A3B}.Debug|x64.Build.0 = Debug|Any CPU
		{FF654E5E-8E97-43B0-99E5-61C3B4805A3B}.Debug|x86.ActiveCfg = Debug|Any CPU
		{FF654E5E-8E97-43B0-99E5-61C3B4805A3B}.Debug|x86.Build.0 = Debug|Any CPU
		{FF654E5E-8E97-43B0-99E5-61C3B4805A3B}.Release|Any CPU.ActiveCfg = Release|Any CPU
		{FF654E5E-8E97-43B0-99E5-61C3B4805A3B}.Release|Any CPU.Build.0 = Release|Any CPU
		{FF654E5E-8E97-43B0-99E5-61C3B4805A3B}.Release|x64.ActiveCfg = Release|Any CPU
		{FF654E5E-8E97-43B0-99E5-61C3B4805A3B}.Release|x64.Build.0 = Release|Any CPU
		{FF654E5E-8E97-43B0-99E5-61C3B4805A3B}.Release|x86.ActiveCfg = Release|Any CPU
		{FF654E5E-8E97-43B0-99E5-61C3B4805A3B}.Release|x86.Build.0 = Release|Any CPU
		{7B8BDB65-C485-4B69-9B80-4F1B4BB78AD1}.Debug|Any CPU.ActiveCfg = Debug|Any CPU
		{7B8BDB65-C485-4B69-9B80-4F1B4BB78AD1}.Debug|Any CPU.Build.0 = Debug|Any CPU
		{7B8BDB65-C485-4B69-9B80-4F1B4BB78AD1}.Debug|x64.ActiveCfg = Debug|Any CPU
		{7B8BDB65-C485-4B69-9B80-4F1B4BB78AD1}.Debug|x64.Build.0 = Debug|Any CPU
		{7B8BDB65-C485-4B69-9B80-4F1B4BB78AD1}.Debug|x86.ActiveCfg = Debug|Any CPU
		{7B8BDB65-C485-4B69-9B80-4F1B4BB78AD1}.Debug|x86.Build.0 = Debug|Any CPU
		{7B8BDB65-C485-4B69-9B80-4F1B4BB78AD1}.Release|Any CPU.ActiveCfg = Release|Any CPU
		{7B8BDB65-C485-4B69-9B80-4F1B4BB78AD1}.Release|Any CPU.Build.0 = Release|Any CPU
		{7B8BDB65-C485-4B69-9B80-4F1B4BB78AD1}.Release|x64.ActiveCfg = Release|Any CPU
		{7B8BDB65-C485-4B69-9B80-4F1B4BB78AD1}.Release|x64.Build.0 = Release|Any CPU
		{7B8BDB65-C485-4B69-9B80-4F1B4BB78AD1}.Release|x86.ActiveCfg = Release|Any CPU
		{7B8BDB65-C485-4B69-9B80-4F1B4BB78AD1}.Release|x86.Build.0 = Release|Any CPU
		{FB78F44F-7104-4A44-BFAC-7599D33844ED}.Debug|Any CPU.ActiveCfg = Debug|Any CPU
		{FB78F44F-7104-4A44-BFAC-7599D33844ED}.Debug|Any CPU.Build.0 = Debug|Any CPU
		{FB78F44F-7104-4A44-BFAC-7599D33844ED}.Debug|x64.ActiveCfg = Debug|Any CPU
		{FB78F44F-7104-4A44-BFAC-7599D33844ED}.Debug|x64.Build.0 = Debug|Any CPU
		{FB78F44F-7104-4A44-BFAC-7599D33844ED}.Debug|x86.ActiveCfg = Debug|Any CPU
		{FB78F44F-7104-4A44-BFAC-7599D33844ED}.Debug|x86.Build.0 = Debug|Any CPU
		{FB78F44F-7104-4A44-BFAC-7599D33844ED}.Release|Any CPU.ActiveCfg = Release|Any CPU
		{FB78F44F-7104-4A44-BFAC-7599D33844ED}.Release|Any CPU.Build.0 = Release|Any CPU
		{FB78F44F-7104-4A44-BFAC-7599D33844ED}.Release|x64.ActiveCfg = Release|Any CPU
		{FB78F44F-7104-4A44-BFAC-7599D33844ED}.Release|x64.Build.0 = Release|Any CPU
		{FB78F44F-7104-4A44-BFAC-7599D33844ED}.Release|x86.ActiveCfg = Release|Any CPU
		{FB78F44F-7104-4A44-BFAC-7599D33844ED}.Release|x86.Build.0 = Release|Any CPU
		{AC716FA9-DED3-4C66-B8C5-887D1F0D44FD}.Debug|Any CPU.ActiveCfg = Debug|Any CPU
		{AC716FA9-DED3-4C66-B8C5-887D1F0D44FD}.Debug|Any CPU.Build.0 = Debug|Any CPU
		{AC716FA9-DED3-4C66-B8C5-887D1F0D44FD}.Debug|x64.ActiveCfg = Debug|Any CPU
		{AC716FA9-DED3-4C66-B8C5-887D1F0D44FD}.Debug|x64.Build.0 = Debug|Any CPU
		{AC716FA9-DED3-4C66-B8C5-887D1F0D44FD}.Debug|x86.ActiveCfg = Debug|Any CPU
		{AC716FA9-DED3-4C66-B8C5-887D1F0D44FD}.Debug|x86.Build.0 = Debug|Any CPU
		{AC716FA9-DED3-4C66-B8C5-887D1F0D44FD}.Release|Any CPU.ActiveCfg = Release|Any CPU
		{AC716FA9-DED3-4C66-B8C5-887D1F0D44FD}.Release|Any CPU.Build.0 = Release|Any CPU
		{AC716FA9-DED3-4C66-B8C5-887D1F0D44FD}.Release|x64.ActiveCfg = Release|Any CPU
		{AC716FA9-DED3-4C66-B8C5-887D1F0D44FD}.Release|x64.Build.0 = Release|Any CPU
		{AC716FA9-DED3-4C66-B8C5-887D1F0D44FD}.Release|x86.ActiveCfg = Release|Any CPU
		{AC716FA9-DED3-4C66-B8C5-887D1F0D44FD}.Release|x86.Build.0 = Release|Any CPU
		{C8789AD1-D046-4BAD-8B4F-7773D0BEB77C}.Debug|Any CPU.ActiveCfg = Debug|Any CPU
		{C8789AD1-D046-4BAD-8B4F-7773D0BEB77C}.Debug|Any CPU.Build.0 = Debug|Any CPU
		{C8789AD1-D046-4BAD-8B4F-7773D0BEB77C}.Debug|x64.ActiveCfg = Debug|Any CPU
		{C8789AD1-D046-4BAD-8B4F-7773D0BEB77C}.Debug|x64.Build.0 = Debug|Any CPU
		{C8789AD1-D046-4BAD-8B4F-7773D0BEB77C}.Debug|x86.ActiveCfg = Debug|Any CPU
		{C8789AD1-D046-4BAD-8B4F-7773D0BEB77C}.Debug|x86.Build.0 = Debug|Any CPU
		{C8789AD1-D046-4BAD-8B4F-7773D0BEB77C}.Release|Any CPU.ActiveCfg = Release|Any CPU
		{C8789AD1-D046-4BAD-8B4F-7773D0BEB77C}.Release|Any CPU.Build.0 = Release|Any CPU
		{C8789AD1-D046-4BAD-8B4F-7773D0BEB77C}.Release|x64.ActiveCfg = Release|Any CPU
		{C8789AD1-D046-4BAD-8B4F-7773D0BEB77C}.Release|x64.Build.0 = Release|Any CPU
		{C8789AD1-D046-4BAD-8B4F-7773D0BEB77C}.Release|x86.ActiveCfg = Release|Any CPU
		{C8789AD1-D046-4BAD-8B4F-7773D0BEB77C}.Release|x86.Build.0 = Release|Any CPU
	EndGlobalSection
	GlobalSection(SolutionProperties) = preSolution
		HideSolutionNode = FALSE
	EndGlobalSection
	GlobalSection(ExtensibilityGlobals) = postSolution
		SolutionGuid = {4B542468-972B-466E-B095-794D159786C1}
	EndGlobalSection
EndGlobal
